
Microsoft Visual Studio Solution File, Format Version 12.00
# Visual Studio 15
VisualStudioVersion = 15.0.26228.9
MinimumVisualStudioVersion = 10.0.40219.1
Project("{9A19103F-16F7-4668-BE54-9A1E7A4F7556}") = "Tnf.Sample.Application", "src\Tnf.Sample.Application\Tnf.Sample.Application.csproj", "{CA7C6730-1500-499D-A66D-C4A6981B4BA8}"
EndProject
Project("{9A19103F-16F7-4668-BE54-9A1E7A4F7556}") = "Tnf.Sample.Domain", "src\Tnf.Sample.Core\Tnf.Sample.Domain.csproj", "{D507D0CF-41A6-4A3F-ADEA-330EE9DE92D8}"
EndProject
Project("{9A19103F-16F7-4668-BE54-9A1E7A4F7556}") = "Tnf.Sample.Web", "src\Tnf.Sample.Web\Tnf.Sample.Web.csproj", "{A2213374-BB48-48FD-BBD4-81E6A961D866}"
EndProject
Project("{9A19103F-16F7-4668-BE54-9A1E7A4F7556}") = "Tnf.Sample.Data.FluigData", "src\Tnf.Sample.Data.FluigData\Tnf.Sample.Data.FluigData.csproj", "{646ABA58-7126-43B4-8CC2-3A916A8309E3}"
EndProject
Project("{FAE04EC0-301F-11D3-BF4B-00C04F79EFBC}") = "Tnf.Sample.Dto", "src\Tnf.Sample.Dto\Tnf.Sample.Dto.csproj", "{09A3F5DF-1223-4DED-AB8C-93B4D29831BD}"
EndProject
Project("{2150E333-8FDC-42A3-9474-1A3956D46DE8}") = "src", "src", "{0529C88F-32BD-4094-97C4-834B074BE0E4}"
EndProject
Global
	GlobalSection(SolutionConfigurationPlatforms) = preSolution
		Debug|Any CPU = Debug|Any CPU
		Release|Any CPU = Release|Any CPU
	EndGlobalSection
	GlobalSection(ProjectConfigurationPlatforms) = postSolution
		{CA7C6730-1500-499D-A66D-C4A6981B4BA8}.Debug|Any CPU.ActiveCfg = Debug|Any CPU
		{CA7C6730-1500-499D-A66D-C4A6981B4BA8}.Debug|Any CPU.Build.0 = Debug|Any CPU
		{CA7C6730-1500-499D-A66D-C4A6981B4BA8}.Release|Any CPU.ActiveCfg = Release|Any CPU
		{CA7C6730-1500-499D-A66D-C4A6981B4BA8}.Release|Any CPU.Build.0 = Release|Any CPU
		{D507D0CF-41A6-4A3F-ADEA-330EE9DE92D8}.Debug|Any CPU.ActiveCfg = Debug|Any CPU
		{D507D0CF-41A6-4A3F-ADEA-330EE9DE92D8}.Debug|Any CPU.Build.0 = Debug|Any CPU
		{D507D0CF-41A6-4A3F-ADEA-330EE9DE92D8}.Release|Any CPU.ActiveCfg = Release|Any CPU
		{D507D0CF-41A6-4A3F-ADEA-330EE9DE92D8}.Release|Any CPU.Build.0 = Release|Any CPU
		{A2213374-BB48-48FD-BBD4-81E6A961D866}.Debug|Any CPU.ActiveCfg = Debug|Any CPU
		{A2213374-BB48-48FD-BBD4-81E6A961D866}.Debug|Any CPU.Build.0 = Debug|Any CPU
		{A2213374-BB48-48FD-BBD4-81E6A961D866}.Release|Any CPU.ActiveCfg = Release|Any CPU
		{A2213374-BB48-48FD-BBD4-81E6A961D866}.Release|Any CPU.Build.0 = Release|Any CPU
		{646ABA58-7126-43B4-8CC2-3A916A8309E3}.Debug|Any CPU.ActiveCfg = Debug|Any CPU
		{646ABA58-7126-43B4-8CC2-3A916A8309E3}.Debug|Any CPU.Build.0 = Debug|Any CPU
		{646ABA58-7126-43B4-8CC2-3A916A8309E3}.Release|Any CPU.ActiveCfg = Release|Any CPU
		{646ABA58-7126-43B4-8CC2-3A916A8309E3}.Release|Any CPU.Build.0 = Release|Any CPU
		{09A3F5DF-1223-4DED-AB8C-93B4D29831BD}.Debug|Any CPU.ActiveCfg = Debug|Any CPU
		{09A3F5DF-1223-4DED-AB8C-93B4D29831BD}.Debug|Any CPU.Build.0 = Debug|Any CPU
		{09A3F5DF-1223-4DED-AB8C-93B4D29831BD}.Release|Any CPU.ActiveCfg = Release|Any CPU
		{09A3F5DF-1223-4DED-AB8C-93B4D29831BD}.Release|Any CPU.Build.0 = Release|Any CPU
	EndGlobalSection
	GlobalSection(SolutionProperties) = preSolution
		HideSolutionNode = FALSE
	EndGlobalSection
	GlobalSection(NestedProjects) = preSolution
		{CA7C6730-1500-499D-A66D-C4A6981B4BA8} = {0529C88F-32BD-4094-97C4-834B074BE0E4}
		{D507D0CF-41A6-4A3F-ADEA-330EE9DE92D8} = {0529C88F-32BD-4094-97C4-834B074BE0E4}
		{A2213374-BB48-48FD-BBD4-81E6A961D866} = {0529C88F-32BD-4094-97C4-834B074BE0E4}
		{646ABA58-7126-43B4-8CC2-3A916A8309E3} = {0529C88F-32BD-4094-97C4-834B074BE0E4}
		{09A3F5DF-1223-4DED-AB8C-93B4D29831BD} = {0529C88F-32BD-4094-97C4-834B074BE0E4}
	EndGlobalSection
EndGlobal
