
Microsoft Visual Studio Solution File, Format Version 12.00
# Visual Studio Version 17
VisualStudioVersion = 17.6.33723.286
MinimumVisualStudioVersion = 10.0.40219.1
Project("{2150E333-8FDC-42A3-9474-1A3956D46DE8}") = "src", "src", "{FC818A1A-A69F-4F13-A26E-5BC461CA4858}"
EndProject
Project("{9A19103F-16F7-4668-BE54-9A1E7A4F7556}") = "Tnf.CarShop.Host", "src\Tnf.CarShop.Host\Tnf.CarShop.Host.csproj", "{C3E68244-B6A6-4A3C-AD3F-5B2A9EE8A40B}"
EndProject
Project("{9A19103F-16F7-4668-BE54-9A1E7A4F7556}") = "Tnf.CarShop.EntityFrameworkCore", "src\Tnf.CarShop.EntityFramework\Tnf.CarShop.EntityFrameworkCore.csproj", "{49C80ED3-B5CE-471F-B8EB-8B02126C4133}"
EndProject
Project("{9A19103F-16F7-4668-BE54-9A1E7A4F7556}") = "Tnf.CarShop.Domain", "src\Tnf.CarShop.Domain\Tnf.CarShop.Domain.csproj", "{79A14A35-BE99-4032-BFE3-8B0181E3115C}"
EndProject
Project("{9A19103F-16F7-4668-BE54-9A1E7A4F7556}") = "Tnf.CarShop.EntityFrameworkCore.PostgreSql", "src\Tnf.CarShop.EntityFramework.PostgreSql\Tnf.CarShop.EntityFrameworkCore.PostgreSql.csproj", "{31ADF39C-18F1-4CB3-BC1E-6CFBB9DD82E0}"
EndProject
Project("{2150E333-8FDC-42A3-9474-1A3956D46DE8}") = "Solution Items", "Solution Items", "{1964E26A-4416-45C7-BE38-93AEEAB115A6}"
	ProjectSection(SolutionItems) = preProject
		NuGet.Config = NuGet.Config
	EndProjectSection
EndProject
Project("{9A19103F-16F7-4668-BE54-9A1E7A4F7556}") = "Tnf.CarShop.EntityFrameworkCore.Migrator", "src\Tnf.CarShop.EntityFramework.Migrator\Tnf.CarShop.EntityFrameworkCore.Migrator.csproj", "{4C049241-B916-42AC-98A3-EAA353EB5629}"
EndProject
Project("{FAE04EC0-301F-11D3-BF4B-00C04F79EFBC}") = "Tnf.CarShop.Application", "src\Tnf.CarShop.Application\Tnf.CarShop.Application.csproj", "{BBE967A2-21BB-47C5-BDFC-A78B91518200}"
EndProject
Project("{2150E333-8FDC-42A3-9474-1A3956D46DE8}") = "tests", "tests", "{29077EEB-E711-4B68-9F37-71E83DAF338D}"
EndProject
Project("{FAE04EC0-301F-11D3-BF4B-00C04F79EFBC}") = "Tnf.CarShop.Application.Tests", "tests\Tnf.CarShop.Application.Tests\Tnf.CarShop.Application.Tests.csproj", "{0B61B3FF-B6BE-45F6-9613-511CB7D57376}"
EndProject
Global
	GlobalSection(SolutionConfigurationPlatforms) = preSolution
		Debug|Any CPU = Debug|Any CPU
		Release|Any CPU = Release|Any CPU
	EndGlobalSection
	GlobalSection(ProjectConfigurationPlatforms) = postSolution
		{C3E68244-B6A6-4A3C-AD3F-5B2A9EE8A40B}.Debug|Any CPU.ActiveCfg = Debug|Any CPU
		{C3E68244-B6A6-4A3C-AD3F-5B2A9EE8A40B}.Debug|Any CPU.Build.0 = Debug|Any CPU
		{C3E68244-B6A6-4A3C-AD3F-5B2A9EE8A40B}.Release|Any CPU.ActiveCfg = Release|Any CPU
		{C3E68244-B6A6-4A3C-AD3F-5B2A9EE8A40B}.Release|Any CPU.Build.0 = Release|Any CPU
		{49C80ED3-B5CE-471F-B8EB-8B02126C4133}.Debug|Any CPU.ActiveCfg = Debug|Any CPU
		{49C80ED3-B5CE-471F-B8EB-8B02126C4133}.Debug|Any CPU.Build.0 = Debug|Any CPU
		{49C80ED3-B5CE-471F-B8EB-8B02126C4133}.Release|Any CPU.ActiveCfg = Release|Any CPU
		{49C80ED3-B5CE-471F-B8EB-8B02126C4133}.Release|Any CPU.Build.0 = Release|Any CPU
		{79A14A35-BE99-4032-BFE3-8B0181E3115C}.Debug|Any CPU.ActiveCfg = Debug|Any CPU
		{79A14A35-BE99-4032-BFE3-8B0181E3115C}.Debug|Any CPU.Build.0 = Debug|Any CPU
		{79A14A35-BE99-4032-BFE3-8B0181E3115C}.Release|Any CPU.ActiveCfg = Release|Any CPU
		{79A14A35-BE99-4032-BFE3-8B0181E3115C}.Release|Any CPU.Build.0 = Release|Any CPU
		{31ADF39C-18F1-4CB3-BC1E-6CFBB9DD82E0}.Debug|Any CPU.ActiveCfg = Debug|Any CPU
		{31ADF39C-18F1-4CB3-BC1E-6CFBB9DD82E0}.Debug|Any CPU.Build.0 = Debug|Any CPU
		{31ADF39C-18F1-4CB3-BC1E-6CFBB9DD82E0}.Release|Any CPU.ActiveCfg = Release|Any CPU
		{31ADF39C-18F1-4CB3-BC1E-6CFBB9DD82E0}.Release|Any CPU.Build.0 = Release|Any CPU
		{4C049241-B916-42AC-98A3-EAA353EB5629}.Debug|Any CPU.ActiveCfg = Debug|Any CPU
		{4C049241-B916-42AC-98A3-EAA353EB5629}.Debug|Any CPU.Build.0 = Debug|Any CPU
		{4C049241-B916-42AC-98A3-EAA353EB5629}.Release|Any CPU.ActiveCfg = Release|Any CPU
		{4C049241-B916-42AC-98A3-EAA353EB5629}.Release|Any CPU.Build.0 = Release|Any CPU
		{BBE967A2-21BB-47C5-BDFC-A78B91518200}.Debug|Any CPU.ActiveCfg = Debug|Any CPU
		{BBE967A2-21BB-47C5-BDFC-A78B91518200}.Debug|Any CPU.Build.0 = Debug|Any CPU
		{BBE967A2-21BB-47C5-BDFC-A78B91518200}.Release|Any CPU.ActiveCfg = Release|Any CPU
		{BBE967A2-21BB-47C5-BDFC-A78B91518200}.Release|Any CPU.Build.0 = Release|Any CPU
		{0B61B3FF-B6BE-45F6-9613-511CB7D57376}.Debug|Any CPU.ActiveCfg = Debug|Any CPU
		{0B61B3FF-B6BE-45F6-9613-511CB7D57376}.Debug|Any CPU.Build.0 = Debug|Any CPU
		{0B61B3FF-B6BE-45F6-9613-511CB7D57376}.Release|Any CPU.ActiveCfg = Release|Any CPU
		{0B61B3FF-B6BE-45F6-9613-511CB7D57376}.Release|Any CPU.Build.0 = Release|Any CPU
	EndGlobalSection
	GlobalSection(SolutionProperties) = preSolution
		HideSolutionNode = FALSE
	EndGlobalSection
	GlobalSection(NestedProjects) = preSolution
		{C3E68244-B6A6-4A3C-AD3F-5B2A9EE8A40B} = {FC818A1A-A69F-4F13-A26E-5BC461CA4858}
		{49C80ED3-B5CE-471F-B8EB-8B02126C4133} = {FC818A1A-A69F-4F13-A26E-5BC461CA4858}
		{79A14A35-BE99-4032-BFE3-8B0181E3115C} = {FC818A1A-A69F-4F13-A26E-5BC461CA4858}
		{31ADF39C-18F1-4CB3-BC1E-6CFBB9DD82E0} = {FC818A1A-A69F-4F13-A26E-5BC461CA4858}
		{4C049241-B916-42AC-98A3-EAA353EB5629} = {FC818A1A-A69F-4F13-A26E-5BC461CA4858}
		{BBE967A2-21BB-47C5-BDFC-A78B91518200} = {FC818A1A-A69F-4F13-A26E-5BC461CA4858}
		{0B61B3FF-B6BE-45F6-9613-511CB7D57376} = {29077EEB-E711-4B68-9F37-71E83DAF338D}
	EndGlobalSection
	GlobalSection(ExtensibilityGlobals) = postSolution
		SolutionGuid = {D0A4FA99-192E-4F54-B5EC-87505D95B959}
	EndGlobalSection
EndGlobal
