
Microsoft Visual Studio Solution File, Format Version 12.00
# Visual Studio Version 16
VisualStudioVersion = 16.0.29326.143
MinimumVisualStudioVersion = 10.0.40219.1
Project("{2150E333-8FDC-42A3-9474-1A3956D46DE8}") = "src", "src", "{811DA371-4AD7-4782-A5B1-63FB8983B28F}"
EndProject
Project("{2150E333-8FDC-42A3-9474-1A3956D46DE8}") = "test", "test", "{AA3CB68F-042D-40AC-A9E5-91F564F1D204}"
EndProject
Project("{9A19103F-16F7-4668-BE54-9A1E7A4F7556}") = "BasicCrud.Web", "src\BasicCrud.Web\BasicCrud.Web.csproj", "{EE6F254D-D31F-4ED2-85E3-01F2D28EC2D2}"
EndProject
Project("{9A19103F-16F7-4668-BE54-9A1E7A4F7556}") = "BasicCrud.Application", "src\BasicCrud.Application\BasicCrud.Application.csproj", "{CE66F6FD-F8C7-4C4B-B744-7B30F718EAC6}"
EndProject
Project("{9A19103F-16F7-4668-BE54-9A1E7A4F7556}") = "BasicCrud.Domain", "src\BasicCrud.Domain\BasicCrud.Domain.csproj", "{2F6B1AE9-BA58-4A09-A7F8-2FD361C9764B}"
EndProject
Project("{9A19103F-16F7-4668-BE54-9A1E7A4F7556}") = "BasicCrud.Dto", "src\BasicCrud.Dto\BasicCrud.Dto.csproj", "{14BC33B5-F8CE-4A30-9181-459DEE9F2C04}"
EndProject
Project("{9A19103F-16F7-4668-BE54-9A1E7A4F7556}") = "BasicCrud.Infra.SqlServer", "src\BasicCrud.Infra.SqlServer\BasicCrud.Infra.SqlServer.csproj", "{44A7783D-B085-4858-BA11-56DEC5EDC3AA}"
EndProject
Project("{9A19103F-16F7-4668-BE54-9A1E7A4F7556}") = "BasicCrud.Infra.SqLite", "src\BasicCrud.Infra.SqLite\BasicCrud.Infra.SqLite.csproj", "{B2534EB0-6616-4078-967A-CDF6194CAC46}"
EndProject
Project("{9A19103F-16F7-4668-BE54-9A1E7A4F7556}") = "BasicCrud.Infra.Oracle", "src\BasicCrud.Infra.Oracle\BasicCrud.Infra.Oracle.csproj", "{C4456E60-43CA-4FBE-8FA9-13F43E1C5857}"
EndProject
Project("{9A19103F-16F7-4668-BE54-9A1E7A4F7556}") = "BasicCrud.Infra", "src\BasicCrud.Infra\BasicCrud.Infra.csproj", "{C043BD1E-75F5-4407-9E68-857DDCE5CAE1}"
EndProject
Project("{9A19103F-16F7-4668-BE54-9A1E7A4F7556}") = "BasicCrud.Web.Tests", "test\BasicCrud.Web.Tests\BasicCrud.Web.Tests.csproj", "{91E0F8A1-BD3B-43DC-85D6-6A233F85B795}"
EndProject
Project("{9A19103F-16F7-4668-BE54-9A1E7A4F7556}") = "BasicCrud.Domain.Tests", "test\BasicCrud.Domain.Tests\BasicCrud.Domain.Tests.csproj", "{B7DD0015-7424-4970-8C7E-9F3385C4C135}"
EndProject
Project("{9A19103F-16F7-4668-BE54-9A1E7A4F7556}") = "BasicCrud.Infra.PostgreSQL", "src\BasicCrud.Infra.PostgreSQL\BasicCrud.Infra.PostgreSQL.csproj", "{1D556F05-FC6D-4B68-9365-72193799BF5C}"
EndProject
Project("{2150E333-8FDC-42A3-9474-1A3956D46DE8}") = "Solution Items", "Solution Items", "{8C668280-A196-4E79-8485-2C3CBF3CC966}"
	ProjectSection(SolutionItems) = preProject
		.editorconfig = .editorconfig
		NuGet.Config = NuGet.Config
	EndProjectSection
EndProject
Global
	GlobalSection(SolutionConfigurationPlatforms) = preSolution
		Debug|Any CPU = Debug|Any CPU
		Release|Any CPU = Release|Any CPU
	EndGlobalSection
	GlobalSection(ProjectConfigurationPlatforms) = postSolution
		{EE6F254D-D31F-4ED2-85E3-01F2D28EC2D2}.Debug|Any CPU.ActiveCfg = Debug|Any CPU
		{EE6F254D-D31F-4ED2-85E3-01F2D28EC2D2}.Debug|Any CPU.Build.0 = Debug|Any CPU
		{EE6F254D-D31F-4ED2-85E3-01F2D28EC2D2}.Release|Any CPU.ActiveCfg = Release|Any CPU
		{EE6F254D-D31F-4ED2-85E3-01F2D28EC2D2}.Release|Any CPU.Build.0 = Release|Any CPU
		{CE66F6FD-F8C7-4C4B-B744-7B30F718EAC6}.Debug|Any CPU.ActiveCfg = Debug|Any CPU
		{CE66F6FD-F8C7-4C4B-B744-7B30F718EAC6}.Debug|Any CPU.Build.0 = Debug|Any CPU
		{CE66F6FD-F8C7-4C4B-B744-7B30F718EAC6}.Release|Any CPU.ActiveCfg = Release|Any CPU
		{CE66F6FD-F8C7-4C4B-B744-7B30F718EAC6}.Release|Any CPU.Build.0 = Release|Any CPU
		{2F6B1AE9-BA58-4A09-A7F8-2FD361C9764B}.Debug|Any CPU.ActiveCfg = Debug|Any CPU
		{2F6B1AE9-BA58-4A09-A7F8-2FD361C9764B}.Debug|Any CPU.Build.0 = Debug|Any CPU
		{2F6B1AE9-BA58-4A09-A7F8-2FD361C9764B}.Release|Any CPU.ActiveCfg = Release|Any CPU
		{2F6B1AE9-BA58-4A09-A7F8-2FD361C9764B}.Release|Any CPU.Build.0 = Release|Any CPU
		{14BC33B5-F8CE-4A30-9181-459DEE9F2C04}.Debug|Any CPU.ActiveCfg = Debug|Any CPU
		{14BC33B5-F8CE-4A30-9181-459DEE9F2C04}.Debug|Any CPU.Build.0 = Debug|Any CPU
		{14BC33B5-F8CE-4A30-9181-459DEE9F2C04}.Release|Any CPU.ActiveCfg = Release|Any CPU
		{14BC33B5-F8CE-4A30-9181-459DEE9F2C04}.Release|Any CPU.Build.0 = Release|Any CPU
		{44A7783D-B085-4858-BA11-56DEC5EDC3AA}.Debug|Any CPU.ActiveCfg = Debug|Any CPU
		{44A7783D-B085-4858-BA11-56DEC5EDC3AA}.Debug|Any CPU.Build.0 = Debug|Any CPU
		{44A7783D-B085-4858-BA11-56DEC5EDC3AA}.Release|Any CPU.ActiveCfg = Release|Any CPU
		{44A7783D-B085-4858-BA11-56DEC5EDC3AA}.Release|Any CPU.Build.0 = Release|Any CPU
		{B2534EB0-6616-4078-967A-CDF6194CAC46}.Debug|Any CPU.ActiveCfg = Debug|Any CPU
		{B2534EB0-6616-4078-967A-CDF6194CAC46}.Debug|Any CPU.Build.0 = Debug|Any CPU
		{B2534EB0-6616-4078-967A-CDF6194CAC46}.Release|Any CPU.ActiveCfg = Release|Any CPU
		{B2534EB0-6616-4078-967A-CDF6194CAC46}.Release|Any CPU.Build.0 = Release|Any CPU
		{C4456E60-43CA-4FBE-8FA9-13F43E1C5857}.Debug|Any CPU.ActiveCfg = Debug|Any CPU
		{C4456E60-43CA-4FBE-8FA9-13F43E1C5857}.Debug|Any CPU.Build.0 = Debug|Any CPU
		{C4456E60-43CA-4FBE-8FA9-13F43E1C5857}.Release|Any CPU.ActiveCfg = Release|Any CPU
		{C4456E60-43CA-4FBE-8FA9-13F43E1C5857}.Release|Any CPU.Build.0 = Release|Any CPU
		{C043BD1E-75F5-4407-9E68-857DDCE5CAE1}.Debug|Any CPU.ActiveCfg = Debug|Any CPU
		{C043BD1E-75F5-4407-9E68-857DDCE5CAE1}.Debug|Any CPU.Build.0 = Debug|Any CPU
		{C043BD1E-75F5-4407-9E68-857DDCE5CAE1}.Release|Any CPU.ActiveCfg = Release|Any CPU
		{C043BD1E-75F5-4407-9E68-857DDCE5CAE1}.Release|Any CPU.Build.0 = Release|Any CPU
		{91E0F8A1-BD3B-43DC-85D6-6A233F85B795}.Debug|Any CPU.ActiveCfg = Debug|Any CPU
		{91E0F8A1-BD3B-43DC-85D6-6A233F85B795}.Debug|Any CPU.Build.0 = Debug|Any CPU
		{91E0F8A1-BD3B-43DC-85D6-6A233F85B795}.Release|Any CPU.ActiveCfg = Release|Any CPU
		{91E0F8A1-BD3B-43DC-85D6-6A233F85B795}.Release|Any CPU.Build.0 = Release|Any CPU
		{B7DD0015-7424-4970-8C7E-9F3385C4C135}.Debug|Any CPU.ActiveCfg = Debug|Any CPU
		{B7DD0015-7424-4970-8C7E-9F3385C4C135}.Debug|Any CPU.Build.0 = Debug|Any CPU
		{B7DD0015-7424-4970-8C7E-9F3385C4C135}.Release|Any CPU.ActiveCfg = Release|Any CPU
		{B7DD0015-7424-4970-8C7E-9F3385C4C135}.Release|Any CPU.Build.0 = Release|Any CPU
		{1D556F05-FC6D-4B68-9365-72193799BF5C}.Debug|Any CPU.ActiveCfg = Debug|Any CPU
		{1D556F05-FC6D-4B68-9365-72193799BF5C}.Debug|Any CPU.Build.0 = Debug|Any CPU
		{1D556F05-FC6D-4B68-9365-72193799BF5C}.Release|Any CPU.ActiveCfg = Release|Any CPU
		{1D556F05-FC6D-4B68-9365-72193799BF5C}.Release|Any CPU.Build.0 = Release|Any CPU
	EndGlobalSection
	GlobalSection(SolutionProperties) = preSolution
		HideSolutionNode = FALSE
	EndGlobalSection
	GlobalSection(NestedProjects) = preSolution
		{EE6F254D-D31F-4ED2-85E3-01F2D28EC2D2} = {811DA371-4AD7-4782-A5B1-63FB8983B28F}
		{CE66F6FD-F8C7-4C4B-B744-7B30F718EAC6} = {811DA371-4AD7-4782-A5B1-63FB8983B28F}
		{2F6B1AE9-BA58-4A09-A7F8-2FD361C9764B} = {811DA371-4AD7-4782-A5B1-63FB8983B28F}
		{14BC33B5-F8CE-4A30-9181-459DEE9F2C04} = {811DA371-4AD7-4782-A5B1-63FB8983B28F}
		{44A7783D-B085-4858-BA11-56DEC5EDC3AA} = {811DA371-4AD7-4782-A5B1-63FB8983B28F}
		{B2534EB0-6616-4078-967A-CDF6194CAC46} = {811DA371-4AD7-4782-A5B1-63FB8983B28F}
		{C4456E60-43CA-4FBE-8FA9-13F43E1C5857} = {811DA371-4AD7-4782-A5B1-63FB8983B28F}
		{C043BD1E-75F5-4407-9E68-857DDCE5CAE1} = {811DA371-4AD7-4782-A5B1-63FB8983B28F}
		{91E0F8A1-BD3B-43DC-85D6-6A233F85B795} = {AA3CB68F-042D-40AC-A9E5-91F564F1D204}
		{B7DD0015-7424-4970-8C7E-9F3385C4C135} = {AA3CB68F-042D-40AC-A9E5-91F564F1D204}
		{1D556F05-FC6D-4B68-9365-72193799BF5C} = {811DA371-4AD7-4782-A5B1-63FB8983B28F}
	EndGlobalSection
	GlobalSection(ExtensibilityGlobals) = postSolution
		SolutionGuid = {5AF4C5E6-D9F4-41D4-9E3F-5A69AFF91DD6}
	EndGlobalSection
EndGlobal
