
Microsoft Visual Studio Solution File, Format Version 12.00
# Visual Studio Version 17
VisualStudioVersion = 17.11.35312.102
MinimumVisualStudioVersion = 10.0.40219.1
Project("{9A19103F-16F7-4668-BE54-9A1E7A4F7556}") = "Tnf.SmartX.Domain", "src\Tnf.SmartX.Domain\Tnf.SmartX.Domain.csproj", "{EFA985EE-7C5D-4E49-AAB2-42D5E5407B88}"
EndProject
Project("{2150E333-8FDC-42A3-9474-1A3956D46DE8}") = "Solution Items", "Solution Items", "{BA690C5C-E1FD-4C2E-B527-944CD2B90FF9}"
	ProjectSection(SolutionItems) = preProject
		.editorconfig = .editorconfig
		README.md = README.md
	EndProjectSection
EndProject
Project("{9A19103F-16F7-4668-BE54-9A1E7A4F7556}") = "Tnf.SmartX.EntityFramework", "src\Tnf.SmartX.EntityFrameworkCore\Tnf.SmartX.EntityFramework.csproj", "{1A31C05B-EF28-4D9E-B1A7-FA93F06A42FE}"
EndProject
Project("{9A19103F-16F7-4668-BE54-9A1E7A4F7556}") = "Tnf.SmartX.EntityFramework.PostgreSql", "src\Tnf.SmartX.EntityFramework.PostgreSql\Tnf.SmartX.EntityFramework.PostgreSql.csproj", "{96BAA72C-5038-4F90-91E1-941A595187A2}"
EndProject
Project("{9A19103F-16F7-4668-BE54-9A1E7A4F7556}") = "Tnf.SmartX.EntityFramework.Migrator", "src\Tnf.SmartX.EntityFramework.Migrator\Tnf.SmartX.EntityFramework.Migrator.csproj", "{1AE2C230-280F-4684-8018-057C1DC7626F}"
EndProject
Project("{FAE04EC0-301F-11D3-BF4B-00C04F79EFBC}") = "Tnf.SmartX.Sample", "src\Tnf.SmartX\Tnf.SmartX.Sample.csproj", "{D34F1C4F-5D74-4F8C-AF9F-760D9F4E7ACB}"
EndProject
Global
	GlobalSection(SolutionConfigurationPlatforms) = preSolution
		Debug|Any CPU = Debug|Any CPU
		Release|Any CPU = Release|Any CPU
	EndGlobalSection
	GlobalSection(ProjectConfigurationPlatforms) = postSolution
		{EFA985EE-7C5D-4E49-AAB2-42D5E5407B88}.Debug|Any CPU.ActiveCfg = Debug|Any CPU
		{EFA985EE-7C5D-4E49-AAB2-42D5E5407B88}.Debug|Any CPU.Build.0 = Debug|Any CPU
		{EFA985EE-7C5D-4E49-AAB2-42D5E5407B88}.Release|Any CPU.ActiveCfg = Release|Any CPU
		{EFA985EE-7C5D-4E49-AAB2-42D5E5407B88}.Release|Any CPU.Build.0 = Release|Any CPU
		{1A31C05B-EF28-4D9E-B1A7-FA93F06A42FE}.Debug|Any CPU.ActiveCfg = Debug|Any CPU
		{1A31C05B-EF28-4D9E-B1A7-FA93F06A42FE}.Debug|Any CPU.Build.0 = Debug|Any CPU
		{1A31C05B-EF28-4D9E-B1A7-FA93F06A42FE}.Release|Any CPU.ActiveCfg = Release|Any CPU
		{1A31C05B-EF28-4D9E-B1A7-FA93F06A42FE}.Release|Any CPU.Build.0 = Release|Any CPU
		{96BAA72C-5038-4F90-91E1-941A595187A2}.Debug|Any CPU.ActiveCfg = Debug|Any CPU
		{96BAA72C-5038-4F90-91E1-941A595187A2}.Debug|Any CPU.Build.0 = Debug|Any CPU
		{96BAA72C-5038-4F90-91E1-941A595187A2}.Release|Any CPU.ActiveCfg = Release|Any CPU
		{96BAA72C-5038-4F90-91E1-941A595187A2}.Release|Any CPU.Build.0 = Release|Any CPU
		{1AE2C230-280F-4684-8018-057C1DC7626F}.Debug|Any CPU.ActiveCfg = Debug|Any CPU
		{1AE2C230-280F-4684-8018-057C1DC7626F}.Debug|Any CPU.Build.0 = Debug|Any CPU
		{1AE2C230-280F-4684-8018-057C1DC7626F}.Release|Any CPU.ActiveCfg = Release|Any CPU
		{1AE2C230-280F-4684-8018-057C1DC7626F}.Release|Any CPU.Build.0 = Release|Any CPU
		{D34F1C4F-5D74-4F8C-AF9F-760D9F4E7ACB}.Debug|Any CPU.ActiveCfg = Debug|Any CPU
		{D34F1C4F-5D74-4F8C-AF9F-760D9F4E7ACB}.Debug|Any CPU.Build.0 = Debug|Any CPU
		{D34F1C4F-5D74-4F8C-AF9F-760D9F4E7ACB}.Release|Any CPU.ActiveCfg = Release|Any CPU
		{D34F1C4F-5D74-4F8C-AF9F-760D9F4E7ACB}.Release|Any CPU.Build.0 = Release|Any CPU
	EndGlobalSection
	GlobalSection(SolutionProperties) = preSolution
		HideSolutionNode = FALSE
	EndGlobalSection
	GlobalSection(ExtensibilityGlobals) = postSolution
		SolutionGuid = {39B4CA5A-7284-4280-8B0B-D6FA067E8866}
	EndGlobalSection
EndGlobal
