
Microsoft Visual Studio Solution File, Format Version 12.00
# Visual Studio Version 16
VisualStudioVersion = 16.0.30406.217
MinimumVisualStudioVersion = 10.0.40219.1
Project("{2150E333-8FDC-42A3-9474-1A3956D46DE8}") = "src", "src", "{6123ABB5-1027-4D73-B1B6-551C34CAB816}"
EndProject
Project("{2150E333-8FDC-42A3-9474-1A3956D46DE8}") = "Solution Items", "Solution Items", "{072C49CC-7905-426D-BCB9-97C520E864BA}"
	ProjectSection(SolutionItems) = preProject
		.editorconfig = .editorconfig
		NuGet.Config = NuGet.Config
		README.md = README.md
	EndProjectSection
EndProject
Project("{9A19103F-16F7-4668-BE54-9A1E7A4F7556}") = "SGDP.Web", "src\SGDP.Web\SGDP.Web.csproj", "{4F37CE26-4FE9-42E2-AE87-D8425705B98A}"
EndProject
Project("{9A19103F-16F7-4668-BE54-9A1E7A4F7556}") = "SGDP.Application", "src\SGDP.Application\SGDP.Application.csproj", "{C32F2073-7823-4D08-AACE-D03D88E5CE0A}"
EndProject
Project("{9A19103F-16F7-4668-BE54-9A1E7A4F7556}") = "SGDP.Domain", "src\SGDP.Domain\SGDP.Domain.csproj", "{65ECFCC7-6E15-4661-96A0-030636468023}"
EndProject
Project("{9A19103F-16F7-4668-BE54-9A1E7A4F7556}") = "SGDP.Dto", "src\SGDP.Dto\SGDP.Dto.csproj", "{7F2CA736-E591-4839-8A54-00A289E8576A}"
EndProject
Project("{9A19103F-16F7-4668-BE54-9A1E7A4F7556}") = "SGDP.Infra", "src\SGDP.Infra\SGDP.Infra.csproj", "{048D5ACC-188A-4590-8B70-E79B42208BA6}"
EndProject
Global
	GlobalSection(SolutionConfigurationPlatforms) = preSolution
		Debug|Any CPU = Debug|Any CPU
		Release|Any CPU = Release|Any CPU
	EndGlobalSection
	GlobalSection(ProjectConfigurationPlatforms) = postSolution
		{4F37CE26-4FE9-42E2-AE87-D8425705B98A}.Debug|Any CPU.ActiveCfg = Debug|Any CPU
		{4F37CE26-4FE9-42E2-AE87-D8425705B98A}.Debug|Any CPU.Build.0 = Debug|Any CPU
		{4F37CE26-4FE9-42E2-AE87-D8425705B98A}.Release|Any CPU.ActiveCfg = Release|Any CPU
		{4F37CE26-4FE9-42E2-AE87-D8425705B98A}.Release|Any CPU.Build.0 = Release|Any CPU
		{C32F2073-7823-4D08-AACE-D03D88E5CE0A}.Debug|Any CPU.ActiveCfg = Debug|Any CPU
		{C32F2073-7823-4D08-AACE-D03D88E5CE0A}.Debug|Any CPU.Build.0 = Debug|Any CPU
		{C32F2073-7823-4D08-AACE-D03D88E5CE0A}.Release|Any CPU.ActiveCfg = Release|Any CPU
		{C32F2073-7823-4D08-AACE-D03D88E5CE0A}.Release|Any CPU.Build.0 = Release|Any CPU
		{65ECFCC7-6E15-4661-96A0-030636468023}.Debug|Any CPU.ActiveCfg = Debug|Any CPU
		{65ECFCC7-6E15-4661-96A0-030636468023}.Debug|Any CPU.Build.0 = Debug|Any CPU
		{65ECFCC7-6E15-4661-96A0-030636468023}.Release|Any CPU.ActiveCfg = Release|Any CPU
		{65ECFCC7-6E15-4661-96A0-030636468023}.Release|Any CPU.Build.0 = Release|Any CPU
		{7F2CA736-E591-4839-8A54-00A289E8576A}.Debug|Any CPU.ActiveCfg = Debug|Any CPU
		{7F2CA736-E591-4839-8A54-00A289E8576A}.Debug|Any CPU.Build.0 = Debug|Any CPU
		{7F2CA736-E591-4839-8A54-00A289E8576A}.Release|Any CPU.ActiveCfg = Release|Any CPU
		{7F2CA736-E591-4839-8A54-00A289E8576A}.Release|Any CPU.Build.0 = Release|Any CPU
		{048D5ACC-188A-4590-8B70-E79B42208BA6}.Debug|Any CPU.ActiveCfg = Debug|Any CPU
		{048D5ACC-188A-4590-8B70-E79B42208BA6}.Debug|Any CPU.Build.0 = Debug|Any CPU
		{048D5ACC-188A-4590-8B70-E79B42208BA6}.Release|Any CPU.ActiveCfg = Release|Any CPU
		{048D5ACC-188A-4590-8B70-E79B42208BA6}.Release|Any CPU.Build.0 = Release|Any CPU
	EndGlobalSection
	GlobalSection(SolutionProperties) = preSolution
		HideSolutionNode = FALSE
	EndGlobalSection
	GlobalSection(NestedProjects) = preSolution
		{4F37CE26-4FE9-42E2-AE87-D8425705B98A} = {6123ABB5-1027-4D73-B1B6-551C34CAB816}
		{C32F2073-7823-4D08-AACE-D03D88E5CE0A} = {6123ABB5-1027-4D73-B1B6-551C34CAB816}
		{65ECFCC7-6E15-4661-96A0-030636468023} = {6123ABB5-1027-4D73-B1B6-551C34CAB816}
		{7F2CA736-E591-4839-8A54-00A289E8576A} = {6123ABB5-1027-4D73-B1B6-551C34CAB816}
	EndGlobalSection
	GlobalSection(ExtensibilityGlobals) = postSolution
		SolutionGuid = {0B23D290-CFB1-4C51-BD85-3E4CCDD6A395}
	EndGlobalSection
EndGlobal
