
Microsoft Visual Studio Solution File, Format Version 12.00
# Visual Studio Version 16
VisualStudioVersion = 16.0.30406.217
MinimumVisualStudioVersion = 10.0.40219.1
Project("{2150E333-8FDC-42A3-9474-1A3956D46DE8}") = "src", "src", "{6123ABB5-1027-4D73-B1B6-551C34CAB816}"
EndProject
Project("{2150E333-8FDC-42A3-9474-1A3956D46DE8}") = "Solution Items", "Solution Items", "{072C49CC-7905-426D-BCB9-97C520E864BA}"
	ProjectSection(SolutionItems) = preProject
		.editorconfig = .editorconfig
		NuGet.Config = NuGet.Config
	EndProjectSection
EndProject
Project("{FAE04EC0-301F-11D3-BF4B-00C04F79EFBC}") = "SGDP.Web", "src\SGDP.Web\SGDP.Web.csproj", "{4F37CE26-4FE9-42E2-AE87-D8425705B98A}"
EndProject
Project("{FAE04EC0-301F-11D3-BF4B-00C04F79EFBC}") = "SGDP.Dto", "src\SGDP.Infra\SGDP.Dto.csproj", "{C21747CD-355C-4169-8FC8-0682C53F0302}"
EndProject
Project("{FAE04EC0-301F-11D3-BF4B-00C04F79EFBC}") = "SGDP.Application", "src\SGDP.Application\SGDP.Application.csproj", "{C32F2073-7823-4D08-AACE-D03D88E5CE0A}"
EndProject
Project("{FAE04EC0-301F-11D3-BF4B-00C04F79EFBC}") = "SGDP.Domain", "src\SGDP.Domain\SGDP.Domain.csproj", "{65ECFCC7-6E15-4661-96A0-030636468023}"
EndProject
Project("{FAE04EC0-301F-11D3-BF4B-00C04F79EFBC}") = "SGDP.Infra", "src\SGDP.Dto\SGDP.Infra.csproj", "{C34840D9-B4B5-41DF-BD14-A00BEA1EC289}"
EndProject
Global
	GlobalSection(SolutionConfigurationPlatforms) = preSolution
		Debug|Any CPU = Debug|Any CPU
		Release|Any CPU = Release|Any CPU
	EndGlobalSection
	GlobalSection(ProjectConfigurationPlatforms) = postSolution
		{4F37CE26-4FE9-42E2-AE87-D8425705B98A}.Debug|Any CPU.ActiveCfg = Debug|Any CPU
		{4F37CE26-4FE9-42E2-AE87-D8425705B98A}.Debug|Any CPU.Build.0 = Debug|Any CPU
		{4F37CE26-4FE9-42E2-AE87-D8425705B98A}.Release|Any CPU.ActiveCfg = Release|Any CPU
		{4F37CE26-4FE9-42E2-AE87-D8425705B98A}.Release|Any CPU.Build.0 = Release|Any CPU
		{C21747CD-355C-4169-8FC8-0682C53F0302}.Debug|Any CPU.ActiveCfg = Debug|Any CPU
		{C21747CD-355C-4169-8FC8-0682C53F0302}.Debug|Any CPU.Build.0 = Debug|Any CPU
		{C21747CD-355C-4169-8FC8-0682C53F0302}.Release|Any CPU.ActiveCfg = Release|Any CPU
		{C21747CD-355C-4169-8FC8-0682C53F0302}.Release|Any CPU.Build.0 = Release|Any CPU
		{C32F2073-7823-4D08-AACE-D03D88E5CE0A}.Debug|Any CPU.ActiveCfg = Debug|Any CPU
		{C32F2073-7823-4D08-AACE-D03D88E5CE0A}.Debug|Any CPU.Build.0 = Debug|Any CPU
		{C32F2073-7823-4D08-AACE-D03D88E5CE0A}.Release|Any CPU.ActiveCfg = Release|Any CPU
		{C32F2073-7823-4D08-AACE-D03D88E5CE0A}.Release|Any CPU.Build.0 = Release|Any CPU
		{65ECFCC7-6E15-4661-96A0-030636468023}.Debug|Any CPU.ActiveCfg = Debug|Any CPU
		{65ECFCC7-6E15-4661-96A0-030636468023}.Debug|Any CPU.Build.0 = Debug|Any CPU
		{65ECFCC7-6E15-4661-96A0-030636468023}.Release|Any CPU.ActiveCfg = Release|Any CPU
		{65ECFCC7-6E15-4661-96A0-030636468023}.Release|Any CPU.Build.0 = Release|Any CPU
		{C34840D9-B4B5-41DF-BD14-A00BEA1EC289}.Debug|Any CPU.ActiveCfg = Debug|Any CPU
		{C34840D9-B4B5-41DF-BD14-A00BEA1EC289}.Debug|Any CPU.Build.0 = Debug|Any CPU
		{C34840D9-B4B5-41DF-BD14-A00BEA1EC289}.Release|Any CPU.ActiveCfg = Release|Any CPU
		{C34840D9-B4B5-41DF-BD14-A00BEA1EC289}.Release|Any CPU.Build.0 = Release|Any CPU
	EndGlobalSection
	GlobalSection(SolutionProperties) = preSolution
		HideSolutionNode = FALSE
	EndGlobalSection
	GlobalSection(NestedProjects) = preSolution
		{4F37CE26-4FE9-42E2-AE87-D8425705B98A} = {6123ABB5-1027-4D73-B1B6-551C34CAB816}
		{C21747CD-355C-4169-8FC8-0682C53F0302} = {6123ABB5-1027-4D73-B1B6-551C34CAB816}
		{C32F2073-7823-4D08-AACE-D03D88E5CE0A} = {6123ABB5-1027-4D73-B1B6-551C34CAB816}
		{65ECFCC7-6E15-4661-96A0-030636468023} = {6123ABB5-1027-4D73-B1B6-551C34CAB816}
		{C34840D9-B4B5-41DF-BD14-A00BEA1EC289} = {6123ABB5-1027-4D73-B1B6-551C34CAB816}
	EndGlobalSection
	GlobalSection(ExtensibilityGlobals) = postSolution
		SolutionGuid = {0B23D290-CFB1-4C51-BD85-3E4CCDD6A395}
	EndGlobalSection
EndGlobal
