Microsoft Visual Studio Solution File, Format Version 12.00
# Visual Studio Version 17
VisualStudioVersion = 17.0.31903.59
MinimumVisualStudioVersion = 10.0.40219.1
Project("{FAE04EC0-301F-11D3-BF4B-00C04F79EFBC}") = "TnfZero.Domain", "src/TnfZero.Domain/TnfZero.Domain.csproj", "{00000001-0000-0000-0000-000000000000}"
EndProject
Project("{FAE04EC0-301F-11D3-BF4B-00C04F79EFBC}") = "TnfZero.Application", "src/TnfZero.Application/TnfZero.Application.csproj", "{00000002-0000-0000-0000-000000000000}"
EndProject
Project("{FAE04EC0-301F-11D3-BF4B-00C04F79EFBC}") = "TnfZero.EntityFramework", "src/TnfZero.EntityFramework/TnfZero.EntityFramework.csproj", "{00000003-0000-0000-0000-000000000000}"
EndProject
Project("{FAE04EC0-301F-11D3-BF4B-00C04F79EFBC}") = "TnfZero.EntityFramework.PostgreSQL", "src/TnfZero.EntityFramework.PostgreSQL/TnfZero.EntityFramework.PostgreSQL.csproj", "{00000004-0000-0000-0000-000000000000}"
EndProject
Project("{FAE04EC0-301F-11D3-BF4B-00C04F79EFBC}") = "TnfZero.EntityFramework.Migrator", "src/TnfZero.EntityFramework.Migrator/TnfZero.EntityFramework.Migrator.csproj", "{00000005-0000-0000-0000-000000000000}"
EndProject
Project("{FAE04EC0-301F-11D3-BF4B-00C04F79EFBC}") = "TnfZero.API", "src/TnfZero.API/TnfZero.API.csproj", "{00000006-0000-0000-0000-000000000000}"
EndProject
Project("{FAE04EC0-301F-11D3-BF4B-00C04F79EFBC}") = "TnfZero.Tests", "tests/TnfZero.Tests/TnfZero.Tests.csproj", "{00000007-0000-0000-0000-000000000000}"
EndProject
Project("{2150E333-8FDC-42A3-9474-1A3956D46DE8}") = "Tests", "Tests", "{FB6F9CEF-D1F8-4DE7-A314-86F1B35A228D}"
EndProject
Global
	GlobalSection(SolutionConfigurationPlatforms) = preSolution
		Debug|Any CPU = Debug|Any CPU
		Release|Any CPU = Release|Any CPU
	EndGlobalSection
	GlobalSection(ProjectConfigurationPlatforms) = postSolution
		{00000001-0000-0000-0000-000000000000}.Debug|Any CPU.ActiveCfg = Debug|Any CPU
		{00000001-0000-0000-0000-000000000000}.Debug|Any CPU.Build.0 = Debug|Any CPU
		{00000001-0000-0000-0000-000000000000}.Release|Any CPU.ActiveCfg = Release|Any CPU
		{00000001-0000-0000-0000-000000000000}.Release|Any CPU.Build.0 = Release|Any CPU
		{00000002-0000-0000-0000-000000000000}.Debug|Any CPU.ActiveCfg = Debug|Any CPU
		{00000002-0000-0000-0000-000000000000}.Debug|Any CPU.Build.0 = Debug|Any CPU
		{00000002-0000-0000-0000-000000000000}.Release|Any CPU.ActiveCfg = Release|Any CPU
		{00000002-0000-0000-0000-000000000000}.Release|Any CPU.Build.0 = Release|Any CPU
		{00000003-0000-0000-0000-000000000000}.Debug|Any CPU.ActiveCfg = Debug|Any CPU
		{00000003-0000-0000-0000-000000000000}.Debug|Any CPU.Build.0 = Debug|Any CPU
		{00000003-0000-0000-0000-000000000000}.Release|Any CPU.ActiveCfg = Release|Any CPU
		{00000003-0000-0000-0000-000000000000}.Release|Any CPU.Build.0 = Release|Any CPU
		{00000004-0000-0000-0000-000000000000}.Debug|Any CPU.ActiveCfg = Debug|Any CPU
		{00000004-0000-0000-0000-000000000000}.Debug|Any CPU.Build.0 = Debug|Any CPU
		{00000004-0000-0000-0000-000000000000}.Release|Any CPU.ActiveCfg = Release|Any CPU
		{00000004-0000-0000-0000-000000000000}.Release|Any CPU.Build.0 = Release|Any CPU
		{00000005-0000-0000-0000-000000000000}.Debug|Any CPU.ActiveCfg = Debug|Any CPU
		{00000005-0000-0000-0000-000000000000}.Debug|Any CPU.Build.0 = Debug|Any CPU
		{00000005-0000-0000-0000-000000000000}.Release|Any CPU.ActiveCfg = Release|Any CPU
		{00000005-0000-0000-0000-000000000000}.Release|Any CPU.Build.0 = Release|Any CPU
		{00000006-0000-0000-0000-000000000000}.Debug|Any CPU.ActiveCfg = Debug|Any CPU
		{00000006-0000-0000-0000-000000000000}.Debug|Any CPU.Build.0 = Debug|Any CPU
		{00000006-0000-0000-0000-000000000000}.Release|Any CPU.ActiveCfg = Release|Any CPU
		{00000006-0000-0000-0000-000000000000}.Release|Any CPU.Build.0 = Release|Any CPU
		{00000007-0000-0000-0000-000000000000}.Debug|Any CPU.ActiveCfg = Debug|Any CPU
		{00000007-0000-0000-0000-000000000000}.Debug|Any CPU.Build.0 = Debug|Any CPU
		{00000007-0000-0000-0000-000000000000}.Release|Any CPU.ActiveCfg = Release|Any CPU
		{00000007-0000-0000-0000-000000000000}.Release|Any CPU.Build.0 = Release|Any CPU
	EndGlobalSection
	GlobalSection(SolutionProperties) = preSolution
		HideSolutionNode = FALSE
	EndGlobalSection
	GlobalSection(NestedProjects) = preSolution
		{00000007-0000-0000-0000-000000000000} = {FB6F9CEF-D1F8-4DE7-A314-86F1B35A228D}
	EndGlobalSection
EndGlobal
