
Microsoft Visual Studio Solution File, Format Version 12.00
# Visual Studio 15
VisualStudioVersion = 15.0.26403.7
MinimumVisualStudioVersion = 10.0.40219.1
Project("{9A19103F-16F7-4668-BE54-9A1E7A4F7556}") = "Tnf.Architecture.Application", "src\Tnf.Architecture.Application\Tnf.Architecture.Application.csproj", "{CA7C6730-1500-499D-A66D-C4A6981B4BA8}"
EndProject
Project("{9A19103F-16F7-4668-BE54-9A1E7A4F7556}") = "Tnf.Architecture.Domain", "src\Tnf.Architecture.Domain\Tnf.Architecture.Domain.csproj", "{D507D0CF-41A6-4A3F-ADEA-330EE9DE92D8}"
EndProject
Project("{9A19103F-16F7-4668-BE54-9A1E7A4F7556}") = "Tnf.Architecture.Web", "src\Tnf.Architecture.Web\Tnf.Architecture.Web.csproj", "{A2213374-BB48-48FD-BBD4-81E6A961D866}"
EndProject
Project("{9A19103F-16F7-4668-BE54-9A1E7A4F7556}") = "Tnf.Architecture.Dto", "src\Tnf.Architecture.Dto\Tnf.Architecture.Dto.csproj", "{09A3F5DF-1223-4DED-AB8C-93B4D29831BD}"
EndProject
Project("{2150E333-8FDC-42A3-9474-1A3956D46DE8}") = "src", "src", "{0529C88F-32BD-4094-97C4-834B074BE0E4}"
EndProject
Project("{9A19103F-16F7-4668-BE54-9A1E7A4F7556}") = "Tnf.Architecture.EntityFrameworkCore", "src\Tnf.Architecture.EntityFrameworkCore\Tnf.Architecture.EntityFrameworkCore.csproj", "{1916F0C4-890A-410C-97ED-CE3D7FB9AE35}"
EndProject
Project("{2150E333-8FDC-42A3-9474-1A3956D46DE8}") = "0 - API", "0 - API", "{6D2F7A2F-C58D-4F43-9194-BA646C2CAC69}"
EndProject
Project("{2150E333-8FDC-42A3-9474-1A3956D46DE8}") = "1 - Application", "1 - Application", "{C4EC98A8-B100-4D75-A310-CFBBB26342A3}"
EndProject
Project("{2150E333-8FDC-42A3-9474-1A3956D46DE8}") = "2 - Domain", "2 - Domain", "{6928A607-E3E1-4CE1-B0E2-BB7AEE775EF4}"
EndProject
Project("{2150E333-8FDC-42A3-9474-1A3956D46DE8}") = "3 - Data", "3 - Data", "{D9BB2CA0-3AF4-412F-AE17-A7DB0C0EE94E}"
EndProject
Project("{2150E333-8FDC-42A3-9474-1A3956D46DE8}") = "4 - CrossCutting", "4 - CrossCutting", "{00C9C500-F532-493C-9741-301F540E69C7}"
EndProject
Project("{9A19103F-16F7-4668-BE54-9A1E7A4F7556}") = "Tnf.Architecture.Carol", "src\Tnf.Architecture.Carol\Tnf.Architecture.Carol.csproj", "{FC8BB0E9-30B1-4D00-B596-84F7D2080AA3}"
EndProject
Project("{2150E333-8FDC-42A3-9474-1A3956D46DE8}") = "test", "test", "{5F4DBC7A-0474-4B2B-965A-6CDDF2E7B201}"
EndProject
Project("{9A19103F-16F7-4668-BE54-9A1E7A4F7556}") = "Tnf.Architecture.Domain.Tests", "test\Tnf.Architecture.Domain.Tests\Tnf.Architecture.Domain.Tests.csproj", "{0DD3D07E-8AC8-4E48-8F9D-67B3137BEC42}"
EndProject
Project("{9A19103F-16F7-4668-BE54-9A1E7A4F7556}") = "Tnf.Architecture.Web.Tests", "test\Tnf.Architecture.Web.Tests\Tnf.Architecture.Web.Tests.csproj", "{34402382-5BA0-476F-BC39-BD3AF82EA284}"
EndProject
Project("{9A19103F-16F7-4668-BE54-9A1E7A4F7556}") = "Tnf.Architecture.Application.Tests", "test\Tnf.Architecture.Application.Tests\Tnf.Architecture.Application.Tests.csproj", "{A0097654-C85D-4AA2-B78D-C260296A9F01}"
EndProject
Project("{FAE04EC0-301F-11D3-BF4B-00C04F79EFBC}") = "Tnf.Architecture.Mapper", "src\Tnf.Architecture.Mapper\Tnf.Architecture.Mapper.csproj", "{1B17DF1F-EA78-48BE-881E-10EBF15F5484}"
EndProject
Global
	GlobalSection(SolutionConfigurationPlatforms) = preSolution
		Debug|Any CPU = Debug|Any CPU
		Release|Any CPU = Release|Any CPU
	EndGlobalSection
	GlobalSection(ProjectConfigurationPlatforms) = postSolution
		{CA7C6730-1500-499D-A66D-C4A6981B4BA8}.Debug|Any CPU.ActiveCfg = Debug|Any CPU
		{CA7C6730-1500-499D-A66D-C4A6981B4BA8}.Debug|Any CPU.Build.0 = Debug|Any CPU
		{CA7C6730-1500-499D-A66D-C4A6981B4BA8}.Release|Any CPU.ActiveCfg = Release|Any CPU
		{CA7C6730-1500-499D-A66D-C4A6981B4BA8}.Release|Any CPU.Build.0 = Release|Any CPU
		{D507D0CF-41A6-4A3F-ADEA-330EE9DE92D8}.Debug|Any CPU.ActiveCfg = Debug|Any CPU
		{D507D0CF-41A6-4A3F-ADEA-330EE9DE92D8}.Debug|Any CPU.Build.0 = Debug|Any CPU
		{D507D0CF-41A6-4A3F-ADEA-330EE9DE92D8}.Release|Any CPU.ActiveCfg = Release|Any CPU
		{D507D0CF-41A6-4A3F-ADEA-330EE9DE92D8}.Release|Any CPU.Build.0 = Release|Any CPU
		{A2213374-BB48-48FD-BBD4-81E6A961D866}.Debug|Any CPU.ActiveCfg = Debug|Any CPU
		{A2213374-BB48-48FD-BBD4-81E6A961D866}.Debug|Any CPU.Build.0 = Debug|Any CPU
		{A2213374-BB48-48FD-BBD4-81E6A961D866}.Release|Any CPU.ActiveCfg = Release|Any CPU
		{A2213374-BB48-48FD-BBD4-81E6A961D866}.Release|Any CPU.Build.0 = Release|Any CPU
		{09A3F5DF-1223-4DED-AB8C-93B4D29831BD}.Debug|Any CPU.ActiveCfg = Debug|Any CPU
		{09A3F5DF-1223-4DED-AB8C-93B4D29831BD}.Debug|Any CPU.Build.0 = Debug|Any CPU
		{09A3F5DF-1223-4DED-AB8C-93B4D29831BD}.Release|Any CPU.ActiveCfg = Release|Any CPU
		{09A3F5DF-1223-4DED-AB8C-93B4D29831BD}.Release|Any CPU.Build.0 = Release|Any CPU
		{1916F0C4-890A-410C-97ED-CE3D7FB9AE35}.Debug|Any CPU.ActiveCfg = Debug|Any CPU
		{1916F0C4-890A-410C-97ED-CE3D7FB9AE35}.Debug|Any CPU.Build.0 = Debug|Any CPU
		{1916F0C4-890A-410C-97ED-CE3D7FB9AE35}.Release|Any CPU.ActiveCfg = Release|Any CPU
		{1916F0C4-890A-410C-97ED-CE3D7FB9AE35}.Release|Any CPU.Build.0 = Release|Any CPU
		{FC8BB0E9-30B1-4D00-B596-84F7D2080AA3}.Debug|Any CPU.ActiveCfg = Debug|Any CPU
		{FC8BB0E9-30B1-4D00-B596-84F7D2080AA3}.Debug|Any CPU.Build.0 = Debug|Any CPU
		{FC8BB0E9-30B1-4D00-B596-84F7D2080AA3}.Release|Any CPU.ActiveCfg = Release|Any CPU
		{FC8BB0E9-30B1-4D00-B596-84F7D2080AA3}.Release|Any CPU.Build.0 = Release|Any CPU
		{0DD3D07E-8AC8-4E48-8F9D-67B3137BEC42}.Debug|Any CPU.ActiveCfg = Debug|Any CPU
		{0DD3D07E-8AC8-4E48-8F9D-67B3137BEC42}.Debug|Any CPU.Build.0 = Debug|Any CPU
		{0DD3D07E-8AC8-4E48-8F9D-67B3137BEC42}.Release|Any CPU.ActiveCfg = Release|Any CPU
		{0DD3D07E-8AC8-4E48-8F9D-67B3137BEC42}.Release|Any CPU.Build.0 = Release|Any CPU
		{34402382-5BA0-476F-BC39-BD3AF82EA284}.Debug|Any CPU.ActiveCfg = Debug|Any CPU
		{34402382-5BA0-476F-BC39-BD3AF82EA284}.Debug|Any CPU.Build.0 = Debug|Any CPU
		{34402382-5BA0-476F-BC39-BD3AF82EA284}.Release|Any CPU.ActiveCfg = Release|Any CPU
		{34402382-5BA0-476F-BC39-BD3AF82EA284}.Release|Any CPU.Build.0 = Release|Any CPU
		{A0097654-C85D-4AA2-B78D-C260296A9F01}.Debug|Any CPU.ActiveCfg = Debug|Any CPU
		{A0097654-C85D-4AA2-B78D-C260296A9F01}.Debug|Any CPU.Build.0 = Debug|Any CPU
		{A0097654-C85D-4AA2-B78D-C260296A9F01}.Release|Any CPU.ActiveCfg = Release|Any CPU
		{A0097654-C85D-4AA2-B78D-C260296A9F01}.Release|Any CPU.Build.0 = Release|Any CPU
		{1B17DF1F-EA78-48BE-881E-10EBF15F5484}.Debug|Any CPU.ActiveCfg = Debug|Any CPU
		{1B17DF1F-EA78-48BE-881E-10EBF15F5484}.Debug|Any CPU.Build.0 = Debug|Any CPU
		{1B17DF1F-EA78-48BE-881E-10EBF15F5484}.Release|Any CPU.ActiveCfg = Release|Any CPU
		{1B17DF1F-EA78-48BE-881E-10EBF15F5484}.Release|Any CPU.Build.0 = Release|Any CPU
	EndGlobalSection
	GlobalSection(SolutionProperties) = preSolution
		HideSolutionNode = FALSE
	EndGlobalSection
	GlobalSection(NestedProjects) = preSolution
		{CA7C6730-1500-499D-A66D-C4A6981B4BA8} = {C4EC98A8-B100-4D75-A310-CFBBB26342A3}
		{D507D0CF-41A6-4A3F-ADEA-330EE9DE92D8} = {6928A607-E3E1-4CE1-B0E2-BB7AEE775EF4}
		{A2213374-BB48-48FD-BBD4-81E6A961D866} = {6D2F7A2F-C58D-4F43-9194-BA646C2CAC69}
		{09A3F5DF-1223-4DED-AB8C-93B4D29831BD} = {00C9C500-F532-493C-9741-301F540E69C7}
		{1916F0C4-890A-410C-97ED-CE3D7FB9AE35} = {D9BB2CA0-3AF4-412F-AE17-A7DB0C0EE94E}
		{6D2F7A2F-C58D-4F43-9194-BA646C2CAC69} = {0529C88F-32BD-4094-97C4-834B074BE0E4}
		{C4EC98A8-B100-4D75-A310-CFBBB26342A3} = {0529C88F-32BD-4094-97C4-834B074BE0E4}
		{6928A607-E3E1-4CE1-B0E2-BB7AEE775EF4} = {0529C88F-32BD-4094-97C4-834B074BE0E4}
		{D9BB2CA0-3AF4-412F-AE17-A7DB0C0EE94E} = {0529C88F-32BD-4094-97C4-834B074BE0E4}
		{00C9C500-F532-493C-9741-301F540E69C7} = {0529C88F-32BD-4094-97C4-834B074BE0E4}
		{FC8BB0E9-30B1-4D00-B596-84F7D2080AA3} = {D9BB2CA0-3AF4-412F-AE17-A7DB0C0EE94E}
		{0DD3D07E-8AC8-4E48-8F9D-67B3137BEC42} = {5F4DBC7A-0474-4B2B-965A-6CDDF2E7B201}
		{34402382-5BA0-476F-BC39-BD3AF82EA284} = {5F4DBC7A-0474-4B2B-965A-6CDDF2E7B201}
		{A0097654-C85D-4AA2-B78D-C260296A9F01} = {5F4DBC7A-0474-4B2B-965A-6CDDF2E7B201}
		{1B17DF1F-EA78-48BE-881E-10EBF15F5484} = {00C9C500-F532-493C-9741-301F540E69C7}
	EndGlobalSection
EndGlobal
