
Microsoft Visual Studio Solution File, Format Version 12.00
# Visual Studio Version 16
VisualStudioVersion = 16.0.30406.217
MinimumVisualStudioVersion = 10.0.40219.1
Project("{2150E333-8FDC-42A3-9474-1A3956D46DE8}") = "src", "src", "{2369886B-EE1A-45DB-AB6C-96A5F8257E9D}"
EndProject
Project("{9A19103F-16F7-4668-BE54-9A1E7A4F7556}") = "HealthMonitoring.Web", "src\HealthMonitoring.Web\HealthMonitoring.Web.csproj", "{8814EADD-DB96-4682-8D1C-03D538BD9811}"
EndProject
Project("{2150E333-8FDC-42A3-9474-1A3956D46DE8}") = "Solution Items", "Solution Items", "{4014A58A-F82A-48AD-BC40-7720150DD74A}"
	ProjectSection(SolutionItems) = preProject
		.editorconfig = .editorconfig
		NuGet.Config = NuGet.Config
	EndProjectSection
EndProject
Global
	GlobalSection(SolutionConfigurationPlatforms) = preSolution
		Debug|Any CPU = Debug|Any CPU
		Release|Any CPU = Release|Any CPU
	EndGlobalSection
	GlobalSection(ProjectConfigurationPlatforms) = postSolution
		{8814EADD-DB96-4682-8D1C-03D538BD9811}.Debug|Any CPU.ActiveCfg = Debug|Any CPU
		{8814EADD-DB96-4682-8D1C-03D538BD9811}.Debug|Any CPU.Build.0 = Debug|Any CPU
		{8814EADD-DB96-4682-8D1C-03D538BD9811}.Release|Any CPU.ActiveCfg = Release|Any CPU
		{8814EADD-DB96-4682-8D1C-03D538BD9811}.Release|Any CPU.Build.0 = Release|Any CPU
	EndGlobalSection
	GlobalSection(SolutionProperties) = preSolution
		HideSolutionNode = FALSE
	EndGlobalSection
	GlobalSection(NestedProjects) = preSolution
		{8814EADD-DB96-4682-8D1C-03D538BD9811} = {2369886B-EE1A-45DB-AB6C-96A5F8257E9D}
	EndGlobalSection
	GlobalSection(ExtensibilityGlobals) = postSolution
		SolutionGuid = {B36DA3F8-27C5-411E-84DF-C54D16A1DD4D}
	EndGlobalSection
EndGlobal
